// !$*UTF8*$!
{
	archiveVersion = 1;
	classes = {
	};
	objectVersion = 46;
	objects = {

/* Begin PBXBuildFile section */
		32809CC81F13288700C49751 /* Digitalpha.framework in Frameworks */ = {isa = PBXBuildFile; fileRef = 32809CBE1F13288700C49751 /* Digitalpha.framework */; };
		32809CCD1F13288700C49751 /* DigitalphaTests.swift in Sources */ = {isa = PBXBuildFile; fileRef = 32809CCC1F13288700C49751 /* DigitalphaTests.swift */; };
		32809CCF1F13288700C49751 /* Digitalpha.h in Headers */ = {isa = PBXBuildFile; fileRef = 32809CC11F13288700C49751 /* Digitalpha.h */; settings = {ATTRIBUTES = (Public, ); }; };
		32809CD91F1328A000C49751 /* Digitalpha.swift in Sources */ = {isa = PBXBuildFile; fileRef = 32809CD81F1328A000C49751 /* Digitalpha.swift */; };
/* End PBXBuildFile section */

/* Begin PBXContainerItemProxy section */
		32809CC91F13288700C49751 /* PBXContainerItemProxy */ = {
			isa = PBXContainerItemProxy;
			containerPortal = 32809CB51F13288700C49751 /* Project object */;
			proxyType = 1;
			remoteGlobalIDString = 32809CBD1F13288700C49751;
			remoteInfo = Digitalpha;
		};
/* End PBXContainerItemProxy section */

/* Begin PBXFileReference section */
		32809CBE1F13288700C49751 /* Digitalpha.framework */ = {isa = PBXFileReference; explicitFileType = wrapper.framework; includeInIndex = 0; path = Digitalpha.framework; sourceTree = BUILT_PRODUCTS_DIR; };
		32809CC11F13288700C49751 /* Digitalpha.h */ = {isa = PBXFileReference; lastKnownFileType = sourcecode.c.h; path = Digitalpha.h; sourceTree = "<group>"; };
		32809CC21F13288700C49751 /* Info.plist */ = {isa = PBXFileReference; lastKnownFileType = text.plist.xml; path = Info.plist; sourceTree = "<group>"; };
		32809CC71F13288700C49751 /* DigitalphaTests.xctest */ = {isa = PBXFileReference; explicitFileType = wrapper.cfbundle; includeInIndex = 0; path = DigitalphaTests.xctest; sourceTree = BUILT_PRODUCTS_DIR; };
		32809CCC1F13288700C49751 /* DigitalphaTests.swift */ = {isa = PBXFileReference; lastKnownFileType = sourcecode.swift; path = DigitalphaTests.swift; sourceTree = "<group>"; };
		32809CCE1F13288700C49751 /* Info.plist */ = {isa = PBXFileReference; lastKnownFileType = text.plist.xml; path = Info.plist; sourceTree = "<group>"; };
		32809CD81F1328A000C49751 /* Digitalpha.swift */ = {isa = PBXFileReference; fileEncoding = 4; lastKnownFileType = sourcecode.swift; path = Digitalpha.swift; sourceTree = "<group>"; };
/* End PBXFileReference section */

/* Begin PBXFrameworksBuildPhase section */
		32809CBA1F13288700C49751 /* Frameworks */ = {
			isa = PBXFrameworksBuildPhase;
			buildActionMask = 2147483647;
			files = (
			);
			runOnlyForDeploymentPostprocessing = 0;
		};
		32809CC41F13288700C49751 /* Frameworks */ = {
			isa = PBXFrameworksBuildPhase;
			buildActionMask = 2147483647;
			files = (
				32809CC81F13288700C49751 /* Digitalpha.framework in Frameworks */,
			);
			runOnlyForDeploymentPostprocessing = 0;
		};
/* End PBXFrameworksBuildPhase section */

/* Begin PBXGroup section */
		32809CB41F13288700C49751 = {
			isa = PBXGroup;
			children = (
				32809CC01F13288700C49751 /* Digitalpha */,
				32809CCB1F13288700C49751 /* DigitalphaTests */,
				32809CBF1F13288700C49751 /* Products */,
			);
			sourceTree = "<group>";
		};
		32809CBF1F13288700C49751 /* Products */ = {
			isa = PBXGroup;
			children = (
				32809CBE1F13288700C49751 /* Digitalpha.framework */,
				32809CC71F13288700C49751 /* DigitalphaTests.xctest */,
			);
			name = Products;
			sourceTree = "<group>";
		};
		32809CC01F13288700C49751 /* Digitalpha */ = {
			isa = PBXGroup;
			children = (
				32809CC11F13288700C49751 /* Digitalpha.h */,
				32809CD81F1328A000C49751 /* Digitalpha.swift */,
				32809CC21F13288700C49751 /* Info.plist */,
			);
			path = Digitalpha;
			sourceTree = "<group>";
		};
		32809CCB1F13288700C49751 /* DigitalphaTests */ = {
			isa = PBXGroup;
			children = (
				32809CCC1F13288700C49751 /* DigitalphaTests.swift */,
				32809CCE1F13288700C49751 /* Info.plist */,
			);
			path = DigitalphaTests;
			sourceTree = "<group>";
		};
/* End PBXGroup section */

/* Begin PBXHeadersBuildPhase section */
		32809CBB1F13288700C49751 /* Headers */ = {
			isa = PBXHeadersBuildPhase;
			buildActionMask = 2147483647;
			files = (
				32809CCF1F13288700C49751 /* Digitalpha.h in Headers */,
			);
			runOnlyForDeploymentPostprocessing = 0;
		};
/* End PBXHeadersBuildPhase section */

/* Begin PBXNativeTarget section */
		32809CBD1F13288700C49751 /* Digitalpha */ = {
			isa = PBXNativeTarget;
			buildConfigurationList = 32809CD21F13288700C49751 /* Build configuration list for PBXNativeTarget "Digitalpha" */;
			buildPhases = (
				32809CB91F13288700C49751 /* Sources */,
				32809CBA1F13288700C49751 /* Frameworks */,
				32809CBB1F13288700C49751 /* Headers */,
				32809CBC1F13288700C49751 /* Resources */,
			);
			buildRules = (
			);
			dependencies = (
			);
			name = Digitalpha;
			productName = Digitalpha;
			productReference = 32809CBE1F13288700C49751 /* Digitalpha.framework */;
			productType = "com.apple.product-type.framework";
		};
		32809CC61F13288700C49751 /* DigitalphaTests */ = {
			isa = PBXNativeTarget;
			buildConfigurationList = 32809CD51F13288700C49751 /* Build configuration list for PBXNativeTarget "DigitalphaTests" */;
			buildPhases = (
				32809CC31F13288700C49751 /* Sources */,
				32809CC41F13288700C49751 /* Frameworks */,
				32809CC51F13288700C49751 /* Resources */,
			);
			buildRules = (
			);
			dependencies = (
				32809CCA1F13288700C49751 /* PBXTargetDependency */,
			);
			name = DigitalphaTests;
			productName = DigitalphaTests;
			productReference = 32809CC71F13288700C49751 /* DigitalphaTests.xctest */;
			productType = "com.apple.product-type.bundle.unit-test";
		};
/* End PBXNativeTarget section */

/* Begin PBXProject section */
		32809CB51F13288700C49751 /* Project object */ = {
			isa = PBXProject;
			attributes = {
				LastSwiftUpdateCheck = 0830;
				LastUpgradeCheck = 0830;
				ORGANIZATIONNAME = "Buttons and Lights LLC";
				TargetAttributes = {
					32809CBD1F13288700C49751 = {
						CreatedOnToolsVersion = 8.3.3;
						DevelopmentTeam = K3S3BWK3L4;
						LastSwiftMigration = 0830;
						ProvisioningStyle = Automatic;
					};
					32809CC61F13288700C49751 = {
						CreatedOnToolsVersion = 8.3.3;
						DevelopmentTeam = K3S3BWK3L4;
						ProvisioningStyle = Automatic;
					};
				};
			};
			buildConfigurationList = 32809CB81F13288700C49751 /* Build configuration list for PBXProject "Digitalpha" */;
			compatibilityVersion = "Xcode 3.2";
			developmentRegion = English;
			hasScannedForEncodings = 0;
			knownRegions = (
				en,
			);
			mainGroup = 32809CB41F13288700C49751;
			productRefGroup = 32809CBF1F13288700C49751 /* Products */;
			projectDirPath = "";
			projectRoot = "";
			targets = (
				32809CBD1F13288700C49751 /* Digitalpha */,
				32809CC61F13288700C49751 /* DigitalphaTests */,
			);
		};
/* End PBXProject section */

/* Begin PBXResourcesBuildPhase section */
		32809CBC1F13288700C49751 /* Resources */ = {
			isa = PBXResourcesBuildPhase;
			buildActionMask = 2147483647;
			files = (
			);
			runOnlyForDeploymentPostprocessing = 0;
		};
		32809CC51F13288700C49751 /* Resources */ = {
			isa = PBXResourcesBuildPhase;
			buildActionMask = 2147483647;
			files = (
			);
			runOnlyForDeploymentPostprocessing = 0;
		};
/* End PBXResourcesBuildPhase section */

/* Begin PBXSourcesBuildPhase section */
		32809CB91F13288700C49751 /* Sources */ = {
			isa = PBXSourcesBuildPhase;
			buildActionMask = 2147483647;
			files = (
				32809CD91F1328A000C49751 /* Digitalpha.swift in Sources */,
			);
			runOnlyForDeploymentPostprocessing = 0;
		};
		32809CC31F13288700C49751 /* Sources */ = {
			isa = PBXSourcesBuildPhase;
			buildActionMask = 2147483647;
			files = (
				32809CCD1F13288700C49751 /* DigitalphaTests.swift in Sources */,
			);
			runOnlyForDeploymentPostprocessing = 0;
		};
/* End PBXSourcesBuildPhase section */

/* Begin PBXTargetDependency section */
		32809CCA1F13288700C49751 /* PBXTargetDependency */ = {
			isa = PBXTargetDependency;
			target = 32809CBD1F13288700C49751 /* Digitalpha */;
			targetProxy = 32809CC91F13288700C49751 /* PBXContainerItemProxy */;
		};
/* End PBXTargetDependency section */

/* Begin XCBuildConfiguration section */
		32809CD01F13288700C49751 /* Debug */ = {
			isa = XCBuildConfiguration;
			buildSettings = {
				ALWAYS_SEARCH_USER_PATHS = NO;
				CLANG_ANALYZER_NONNULL = YES;
				CLANG_ANALYZER_NUMBER_OBJECT_CONVERSION = YES_AGGRESSIVE;
				CLANG_CXX_LANGUAGE_STANDARD = "gnu++0x";
				CLANG_CXX_LIBRARY = "libc++";
				CLANG_ENABLE_MODULES = YES;
				CLANG_ENABLE_OBJC_ARC = YES;
				CLANG_WARN_BOOL_CONVERSION = YES;
				CLANG_WARN_CONSTANT_CONVERSION = YES;
				CLANG_WARN_DIRECT_OBJC_ISA_USAGE = YES_ERROR;
				CLANG_WARN_DOCUMENTATION_COMMENTS = YES;
				CLANG_WARN_EMPTY_BODY = YES;
				CLANG_WARN_ENUM_CONVERSION = YES;
				CLANG_WARN_INFINITE_RECURSION = YES;
				CLANG_WARN_INT_CONVERSION = YES;
				CLANG_WARN_OBJC_ROOT_CLASS = YES_ERROR;
				CLANG_WARN_SUSPICIOUS_MOVE = YES;
				CLANG_WARN_UNREACHABLE_CODE = YES;
				CLANG_WARN__DUPLICATE_METHOD_MATCH = YES;
				"CODE_SIGN_IDENTITY[sdk=iphoneos*]" = "iPhone Developer";
				COPY_PHASE_STRIP = NO;
				CURRENT_PROJECT_VERSION = 1;
				DEBUG_INFORMATION_FORMAT = dwarf;
				ENABLE_STRICT_OBJC_MSGSEND = YES;
				ENABLE_TESTABILITY = YES;
				GCC_C_LANGUAGE_STANDARD = gnu99;
				GCC_DYNAMIC_NO_PIC = NO;
				GCC_NO_COMMON_BLOCKS = YES;
				GCC_OPTIMIZATION_LEVEL = 0;
				GCC_PREPROCESSOR_DEFINITIONS = (
					"DEBUG=1",
					"$(inherited)",
				);
				GCC_WARN_64_TO_32_BIT_CONVERSION = YES;
				GCC_WARN_ABOUT_RETURN_TYPE = YES_ERROR;
				GCC_WARN_UNDECLARED_SELECTOR = YES;
				GCC_WARN_UNINITIALIZED_AUTOS = YES_AGGRESSIVE;
				GCC_WARN_UNUSED_FUNCTION = YES;
				GCC_WARN_UNUSED_VARIABLE = YES;
				IPHONEOS_DEPLOYMENT_TARGET = 10.3;
				MTL_ENABLE_DEBUG_INFO = YES;
				ONLY_ACTIVE_ARCH = YES;
				SDKROOT = iphoneos;
				SWIFT_ACTIVE_COMPILATION_CONDITIONS = DEBUG;
				SWIFT_OPTIMIZATION_LEVEL = "-Onone";
				TARGETED_DEVICE_FAMILY = "1,2";
				VERSIONING_SYSTEM = "apple-generic";
				VERSION_INFO_PREFIX = "";
			};
			name = Debug;
		};
		32809CD11F13288700C49751 /* Release */ = {
			isa = XCBuildConfiguration;
			buildSettings = {
				ALWAYS_SEARCH_USER_PATHS = NO;
				CLANG_ANALYZER_NONNULL = YES;
				CLANG_ANALYZER_NUMBER_OBJECT_CONVERSION = YES_AGGRESSIVE;
				CLANG_CXX_LANGUAGE_STANDARD = "gnu++0x";
				CLANG_CXX_LIBRARY = "libc++";
				CLANG_ENABLE_MODULES = YES;
				CLANG_ENABLE_OBJC_ARC = YES;
				CLANG_WARN_BOOL_CONVERSION = YES;
				CLANG_WARN_CONSTANT_CONVERSION = YES;
				CLANG_WARN_DIRECT_OBJC_ISA_USAGE = YES_ERROR;
				CLANG_WARN_DOCUMENTATION_COMMENTS = YES;
				CLANG_WARN_EMPTY_BODY = YES;
				CLANG_WARN_ENUM_CONVERSION = YES;
				CLANG_WARN_INFINITE_RECURSION = YES;
				CLANG_WARN_INT_CONVERSION = YES;
				CLANG_WARN_OBJC_ROOT_CLASS = YES_ERROR;
				CLANG_WARN_SUSPICIOUS_MOVE = YES;
				CLANG_WARN_UNREACHABLE_CODE = YES;
				CLANG_WARN__DUPLICATE_METHOD_MATCH = YES;
				"CODE_SIGN_IDENTITY[sdk=iphoneos*]" = "iPhone Developer";
				COPY_PHASE_STRIP = NO;
				CURRENT_PROJECT_VERSION = 1;
				DEBUG_INFORMATION_FORMAT = "dwarf-with-dsym";
				ENABLE_NS_ASSERTIONS = NO;
				ENABLE_STRICT_OBJC_MSGSEND = YES;
				GCC_C_LANGUAGE_STANDARD = gnu99;
				GCC_NO_COMMON_BLOCKS = YES;
				GCC_WARN_64_TO_32_BIT_CONVERSION = YES;
				GCC_WARN_ABOUT_RETURN_TYPE = YES_ERROR;
				GCC_WARN_UNDECLARED_SELECTOR = YES;
				GCC_WARN_UNINITIALIZED_AUTOS = YES_AGGRESSIVE;
				GCC_WARN_UNUSED_FUNCTION = YES;
				GCC_WARN_UNUSED_VARIABLE = YES;
				IPHONEOS_DEPLOYMENT_TARGET = 10.3;
				MTL_ENABLE_DEBUG_INFO = NO;
				SDKROOT = iphoneos;
				SWIFT_OPTIMIZATION_LEVEL = "-Owholemodule";
				TARGETED_DEVICE_FAMILY = "1,2";
				VALIDATE_PRODUCT = YES;
				VERSIONING_SYSTEM = "apple-generic";
				VERSION_INFO_PREFIX = "";
			};
			name = Release;
		};
		32809CD31F13288700C49751 /* Debug */ = {
			isa = XCBuildConfiguration;
			buildSettings = {
				CLANG_ENABLE_MODULES = YES;
				CODE_SIGN_IDENTITY = "";
				DEFINES_MODULE = YES;
				DEVELOPMENT_TEAM = K3S3BWK3L4;
				DYLIB_COMPATIBILITY_VERSION = 1;
				DYLIB_CURRENT_VERSION = 1;
				DYLIB_INSTALL_NAME_BASE = "@rpath";
				INFOPLIST_FILE = Digitalpha/Info.plist;
				INSTALL_PATH = "$(LOCAL_LIBRARY_DIR)/Frameworks";
				LD_RUNPATH_SEARCH_PATHS = "$(inherited) @executable_path/Frameworks @loader_path/Frameworks";
				PRODUCT_BUNDLE_IDENTIFIER = com.buttonsAndLights.Digitalpha;
				PRODUCT_NAME = "$(TARGET_NAME)";
				SKIP_INSTALL = YES;
				SWIFT_OPTIMIZATION_LEVEL = "-Onone";
				SWIFT_VERSION = 3.0;
			};
			name = Debug;
		};
		32809CD41F13288700C49751 /* Release */ = {
			isa = XCBuildConfiguration;
			buildSettings = {
				CLANG_ENABLE_MODULES = YES;
				CODE_SIGN_IDENTITY = "";
				DEFINES_MODULE = YES;
				DEVELOPMENT_TEAM = K3S3BWK3L4;
				DYLIB_COMPATIBILITY_VERSION = 1;
				DYLIB_CURRENT_VERSION = 1;
				DYLIB_INSTALL_NAME_BASE = "@rpath";
				INFOPLIST_FILE = Digitalpha/Info.plist;
				INSTALL_PATH = "$(LOCAL_LIBRARY_DIR)/Frameworks";
				LD_RUNPATH_SEARCH_PATHS = "$(inherited) @executable_path/Frameworks @loader_path/Frameworks";
				PRODUCT_BUNDLE_IDENTIFIER = com.buttonsAndLights.Digitalpha;
				PRODUCT_NAME = "$(TARGET_NAME)";
				SKIP_INSTALL = YES;
				SWIFT_VERSION = 3.0;
			};
			name = Release;
		};
		32809CD61F13288700C49751 /* Debug */ = {
			isa = XCBuildConfiguration;
			buildSettings = {
				ALWAYS_EMBED_SWIFT_STANDARD_LIBRARIES = YES;
				DEVELOPMENT_TEAM = K3S3BWK3L4;
				INFOPLIST_FILE = DigitalphaTests/Info.plist;
				LD_RUNPATH_SEARCH_PATHS = "$(inherited) @executable_path/Frameworks @loader_path/Frameworks";
				PRODUCT_BUNDLE_IDENTIFIER = com.buttonsAndLights.DigitalphaTests;
				PRODUCT_NAME = "$(TARGET_NAME)";
				SWIFT_VERSION = 3.0;
			};
			name = Debug;
		};
		32809CD71F13288700C49751 /* Release */ = {
			isa = XCBuildConfiguration;
			buildSettings = {
				ALWAYS_EMBED_SWIFT_STANDARD_LIBRARIES = YES;
				DEVELOPMENT_TEAM = K3S3BWK3L4;
				INFOPLIST_FILE = DigitalphaTests/Info.plist;
				LD_RUNPATH_SEARCH_PATHS = "$(inherited) @executable_path/Frameworks @loader_path/Frameworks";
				PRODUCT_BUNDLE_IDENTIFIER = com.buttonsAndLights.DigitalphaTests;
				PRODUCT_NAME = "$(TARGET_NAME)";
				SWIFT_VERSION = 3.0;
			};
			name = Release;
		};
/* End XCBuildConfiguration section */

/* Begin XCConfigurationList section */
		32809CB81F13288700C49751 /* Build configuration list for PBXProject "Digitalpha" */ = {
			isa = XCConfigurationList;
			buildConfigurations = (
				32809CD01F13288700C49751 /* Debug */,
				32809CD11F13288700C49751 /* Release */,
			);
			defaultConfigurationIsVisible = 0;
			defaultConfigurationName = Release;
		};
		32809CD21F13288700C49751 /* Build configuration list for PBXNativeTarget "Digitalpha" */ = {
			isa = XCConfigurationList;
			buildConfigurations = (
				32809CD31F13288700C49751 /* Debug */,
				32809CD41F13288700C49751 /* Release */,
			);
			defaultConfigurationIsVisible = 0;
			defaultConfigurationName = Release;
		};
		32809CD51F13288700C49751 /* Build configuration list for PBXNativeTarget "DigitalphaTests" */ = {
			isa = XCConfigurationList;
			buildConfigurations = (
				32809CD61F13288700C49751 /* Debug */,
				32809CD71F13288700C49751 /* Release */,
			);
			defaultConfigurationIsVisible = 0;
			defaultConfigurationName = Release;
		};
/* End XCConfigurationList section */
	};
	rootObject = 32809CB51F13288700C49751 /* Project object */;
}
